{
    "name": "legacy",
    "lockfileVersion": 3,
    "requires": true,
    "packages": {
        "": {
            "name": "legacy",
            "dependencies": {
                "angular": "^1.4.3",
                "angular-resource": "^1.4.3",
                "angular-route": "^ 1.4.3",
                "todomvc-app-css": "^2.4.2",
                "todomvc-common": "^1.0.5"
            }
        },
        "node_modules/angular": {
            "version": "1.8.3",
            "resolved": "https://registry.npmjs.org/angular/-/angular-1.8.3.tgz",
            "integrity": "sha512-5qjkWIQQVsHj4Sb5TcEs4WZWpFeVFHXwxEBHUhrny41D8UrBAd6T/6nPPAsLngJCReIOqi95W3mxdveveutpZw==",
            "deprecated": "For the actively supported Angular, see https://www.npmjs.com/package/@angular/core. AngularJS support has officially ended. For extended AngularJS support options, see https://goo.gle/angularjs-path-forward."
        },
        "node_modules/angular-resource": {
            "version": "1.8.3",
            "resolved": "https://registry.npmjs.org/angular-resource/-/angular-resource-1.8.3.tgz",
            "integrity": "sha512-x3+4w2SyIDEIe6PUBTzcjDFI5MhZNWAPELUxkYK0QMOkOo4w3BN/qhpd+fO1deFiDS23mZKqT8kfctO1IDkCDA==",
            "deprecated": "For the actively supported Angular, see https://www.npmjs.com/package/@angular/core. AngularJS support has officially ended. For extended AngularJS support options, see https://goo.gle/angularjs-path-forward."
        },
        "node_modules/angular-route": {
            "version": "1.8.3",
            "resolved": "https://registry.npmjs.org/angular-route/-/angular-route-1.8.3.tgz",
            "integrity": "sha512-kpIcRmDR2+o1FxDVVYy8Rvfab86/7LDbOgTRb9T+X9ewPQiBRuDEnZtM3oJYBiQLvAXDYTJXHV48n/bGE9Mv2g==",
            "deprecated": "For the actively supported Angular, see https://www.npmjs.com/package/@angular/core. AngularJS support has officially ended. For extended AngularJS support options, see https://goo.gle/angularjs-path-forward."
        },
        "node_modules/todomvc-app-css": {
            "version": "2.4.2",
            "resolved": "https://registry.npmjs.org/todomvc-app-css/-/todomvc-app-css-2.4.2.tgz",
            "integrity": "sha512-ViAkQ7ed89rmhFIGRsT36njN+97z8+s3XsJnB8E2IKOq+/SLD/6PtSvmTtiwUcVk39qPcjAc/OyeDys4LoJUVg=="
        },
        "node_modules/todomvc-common": {
            "version": "1.0.5",
            "resolved": "https://registry.npmjs.org/todomvc-common/-/todomvc-common-1.0.5.tgz",
            "integrity": "sha512-D8kEJmxVMQIWwztEdH+WeiAfXRbbSCpgXq4NkYi+gduJ2tr8CNq7sYLfJvjpQ10KD9QxJwig57rvMbV2QAESwQ=="
        }
    }
}
